{
  "version": "5",
  "specifiers": {
    "jsr:@deno/cache-dir@0.8": "0.8.0",
    "jsr:@std/assert@~0.218.2": "0.218.2",
    "jsr:@std/bytes@~0.218.2": "0.218.2",
    "jsr:@std/fmt@~0.218.2": "0.218.2",
    "jsr:@std/fs@~0.218.2": "0.218.2",
    "jsr:@std/io@~0.218.2": "0.218.2",
    "jsr:@std/path@~0.218.2": "0.218.2"
  },
  "jsr": {
    "@deno/cache-dir@0.8.0": {
      "integrity": "e87e80a404958f6350d903e6238b72afb92468378b0b32111f7a1e4916ac7fe7",
      "dependencies": [
        "jsr:@std/fmt",
        "jsr:@std/fs",
        "jsr:@std/io",
        "jsr:@std/path"
      ]
    },
    "@std/assert@0.218.2": {
      "integrity": "7f0a5a1a8cf86607cd6c2c030584096e1ffad27fc9271429a8cb48cfbdee5eaf"
    },
    "@std/bytes@0.218.2": {
      "integrity": "91fe54b232dcca73856b79a817247f4a651dbb60d51baafafb6408c137241670"
    },
    "@std/fmt@0.218.2": {
      "integrity": "99526449d2505aa758b6cbef81e7dd471d8b28ec0dcb1491d122b284c548788a"
    },
    "@std/fs@0.218.2": {
      "integrity": "dd9431453f7282e8c577cc22c9e6d036055a9a980b5549f887d6012969fabcca"
    },
    "@std/io@0.218.2": {
      "integrity": "c64fbfa087b7c9d4d386c5672f291f607d88cb7d44fc299c20c713e345f2785f",
      "dependencies": [
        "jsr:@std/assert",
        "jsr:@std/bytes"
      ]
    },
    "@std/path@0.218.2": {
      "integrity": "b568fd923d9e53ad76d17c513e7310bda8e755a3e825e6289a0ce536404e2662",
      "dependencies": [
        "jsr:@std/assert"
      ]
    }
  },
  "remote": {
    "https://deno.land/std@0.140.0/_util/assert.ts": "e94f2eb37cebd7f199952e242c77654e43333c1ac4c5c700e929ea3aa5489f74",
    "https://deno.land/std@0.140.0/bytes/bytes_list.ts": "67eb118e0b7891d2f389dad4add35856f4ad5faab46318ff99653456c23b025d",
    "https://deno.land/std@0.140.0/bytes/equals.ts": "fc16dff2090cced02497f16483de123dfa91e591029f985029193dfaa9d894c9",
    "https://deno.land/std@0.140.0/bytes/mod.ts": "763f97d33051cc3f28af1a688dfe2830841192a9fea0cbaa55f927b49d49d0bf",
    "https://deno.land/std@0.140.0/encoding/_yaml/dumper/dumper.ts": "51998d88c46f2720bf6c2d16416873a0501f69ea8648faf270cba41ad54a5580",
    "https://deno.land/std@0.140.0/encoding/_yaml/dumper/dumper_state.ts": "3c1bc8519c1832f0f136856881b97f0b42f64b7968767dbc36b8b0b6cae963dc",
    "https://deno.land/std@0.140.0/encoding/_yaml/error.ts": "6ca899f6d86c6979bce6d7c3a6a8e2a360b09d8b0f55d2e649bd1233604fb7c9",
    "https://deno.land/std@0.140.0/encoding/_yaml/loader/loader.ts": "d429d545bfed666f2e00572b6694eb70f6c7639926ff4889524e676eeccf9a8b",
    "https://deno.land/std@0.140.0/encoding/_yaml/loader/loader_state.ts": "59124e56d864274ce4043dca8bf63e937c6e960e4ad120465e424b38f3469b2d",
    "https://deno.land/std@0.140.0/encoding/_yaml/mark.ts": "7f67f43755b2602fefe52012eb3ab627880da97edd0f6c00f916ceb2ddb1b5d1",
    "https://deno.land/std@0.140.0/encoding/_yaml/parse.ts": "8f362dc01401099263d73a4bfa00bc90ea456d202507d62a11dfcfeac74484f5",
    "https://deno.land/std@0.140.0/encoding/_yaml/schema.ts": "83717fbf829f1caba84ff02e468c8792c47491fd202b1d95776ed0d8f58ea559",
    "https://deno.land/std@0.140.0/encoding/_yaml/schema/core.ts": "bcb47a389d596369fbfccf73a6b221ac3ca5440149b4f6df1e707f2efc6854ef",
    "https://deno.land/std@0.140.0/encoding/_yaml/schema/default.ts": "8b6bd9cb1cab07a3397e1cc3843edba6ad40d1bd15687c1f56cd977da834d984",
    "https://deno.land/std@0.140.0/encoding/_yaml/schema/extended.ts": "5e0bfd9a28c7a82ba40fc7ff7890df7469ec85390320349974acbc627ae1be88",
    "https://deno.land/std@0.140.0/encoding/_yaml/schema/failsafe.ts": "7254a9ca0dff8f30377098622812e55c4535aaf352fecb4ec51939e596bd74e7",
    "https://deno.land/std@0.140.0/encoding/_yaml/schema/json.ts": "2205d0d3d3377de56f92ac0f4a82bf561ea0d7b86eb195c9f0c32c7c7871d78f",
    "https://deno.land/std@0.140.0/encoding/_yaml/schema/mod.ts": "6769df6082aceee9849f71168f4353ba4f92e4a2a5a429a422debac13a593d4e",
    "https://deno.land/std@0.140.0/encoding/_yaml/state.ts": "374b8dc170417beccb364e543b25eef73576196f4a526836bb3a621b87a204a3",
    "https://deno.land/std@0.140.0/encoding/_yaml/stringify.ts": "ec15035c1928f96f4e42c0a0e9f3082512e294fd6b8ff6a0403a3ee9282f69aa",
    "https://deno.land/std@0.140.0/encoding/_yaml/type.ts": "95ad0cdbab49343b1527ebc7762c477726c34702438375be6781b44e03e9fcfc",
    "https://deno.land/std@0.140.0/encoding/_yaml/type/binary.ts": "8ae1bdeebe090133b1d1e1ef8427d5ea03f8b6f8944bd2eca578c81330700b0a",
    "https://deno.land/std@0.140.0/encoding/_yaml/type/bool.ts": "95c030531adc3d66a59979dc25c2fcdeb1f58ae40a91d6f9e9a537af0fd2b5a4",
    "https://deno.land/std@0.140.0/encoding/_yaml/type/float.ts": "0c39a6a3bb7cd90178c5bcdeb73a7b6865482db5b8b0495883289a8bc2d541fb",
    "https://deno.land/std@0.140.0/encoding/_yaml/type/function.ts": "b5642dda5ef8d47c0325a2b89a022cbce3be45ba21f8c4f9202364d967c6b3e5",
    "https://deno.land/std@0.140.0/encoding/_yaml/type/int.ts": "7197cba96ad8ad3c596ca34a364dacdf91ef396c462c6c2daecbdec056353f3d",
    "https://deno.land/std@0.140.0/encoding/_yaml/type/map.ts": "78bf5447d2e3f79d59bf7cb63a76ca7797854a0d8e2154c6fd35775c4e5c8c61",
    "https://deno.land/std@0.140.0/encoding/_yaml/type/merge.ts": "094b272e6087c6aef39cd9617fa6603ec934e507faad6c276d293e2734f9b083",
    "https://deno.land/std@0.140.0/encoding/_yaml/type/mod.ts": "b2f267dc0b0296cf8f6109aa129e2cf6d1e1f8c59f8903f0330c18749eca2d3c",
    "https://deno.land/std@0.140.0/encoding/_yaml/type/nil.ts": "1988843acab56e99e883cd047c40cc7fb799b6d335f541f022ae3b914abcbe35",
    "https://deno.land/std@0.140.0/encoding/_yaml/type/omap.ts": "fd3f2f9a8ae634996da84d021353ac8bf4b41e714f2711159d756d0e2f3aabd1",
    "https://deno.land/std@0.140.0/encoding/_yaml/type/pairs.ts": "90736f87b6e39a144205a235d8851f7bebf6bb3835fd03742c30253d5ecd7ec5",
    "https://deno.land/std@0.140.0/encoding/_yaml/type/regexp.ts": "a9e70491fa7ede8689b933d81142aa7635a253733a4df626bd479c55cb64222e",
    "https://deno.land/std@0.140.0/encoding/_yaml/type/seq.ts": "135f37a1b6dcb3688bc0dad0c9dc3a04370b1fc94267960586ea23877ffd3088",
    "https://deno.land/std@0.140.0/encoding/_yaml/type/set.ts": "2937ac0e1ce8c121a4009e74568e341e2a380fdb5f41f16050ce2ca7537b2bd8",
    "https://deno.land/std@0.140.0/encoding/_yaml/type/str.ts": "6420d3a0099d9fbc35861241b7dad65b800ff3909efe71ab71c895326187ab8d",
    "https://deno.land/std@0.140.0/encoding/_yaml/type/timestamp.ts": "3db0667dd9bdc3b3f0e8596fff023e87bc9fca230a545bb67d0bf3b732c1c656",
    "https://deno.land/std@0.140.0/encoding/_yaml/type/undefined.ts": "5b595082d064cf50a3345f5fdda8c02beb0768e9d97d4bd4c53ac81a9f94e185",
    "https://deno.land/std@0.140.0/encoding/_yaml/utils.ts": "c7e6bf055b08fffe700c7cbdfa2939cab7b9676ff75b6dc98d72d41b3b173d37",
    "https://deno.land/std@0.140.0/encoding/yaml.ts": "6760095814791325684cd146d10d49eef32bc4328a0516bf88fac9dc2cffa423",
    "https://deno.land/std@0.140.0/io/buffer.ts": "bd0c4bf53db4b4be916ca5963e454bddfd3fcd45039041ea161dbf826817822b",
    "https://deno.land/std@0.186.0/_util/asserts.ts": "178dfc49a464aee693a7e285567b3d0b555dc805ff490505a8aae34f9cfb1462",
    "https://deno.land/std@0.186.0/_util/os.ts": "d932f56d41e4f6a6093d56044e29ce637f8dcc43c5a90af43504a889cf1775e3",
    "https://deno.land/std@0.186.0/path/_constants.ts": "e49961f6f4f48039c0dfed3c3f93e963ca3d92791c9d478ac5b43183413136e0",
    "https://deno.land/std@0.186.0/path/_interface.ts": "6471159dfbbc357e03882c2266d21ef9afdb1e4aa771b0545e90db58a0ba314b",
    "https://deno.land/std@0.186.0/path/_util.ts": "d7abb1e0dea065f427b89156e28cdeb32b045870acdf865833ba808a73b576d0",
    "https://deno.land/std@0.186.0/path/common.ts": "ee7505ab01fd22de3963b64e46cff31f40de34f9f8de1fff6a1bd2fe79380000",
    "https://deno.land/std@0.186.0/path/glob.ts": "d479e0a695621c94d3fd7fe7abd4f9499caf32a8de13f25073451c6ef420a4e1",
    "https://deno.land/std@0.186.0/path/mod.ts": "ee161baec5ded6510ee1d1fb6a75a0f5e4b41f3f3301c92c716ecbdf7dae910d",
    "https://deno.land/std@0.186.0/path/posix.ts": "8b7c67ac338714b30c816079303d0285dd24af6b284f7ad63da5b27372a2c94d",
    "https://deno.land/std@0.186.0/path/separator.ts": "0fb679739d0d1d7bf45b68dacfb4ec7563597a902edbaf3c59b50d5bcadd93b1",
    "https://deno.land/std@0.186.0/path/win32.ts": "d186344e5583bcbf8b18af416d13d82b35a317116e6460a5a3953508c3de5bba",
    "https://deno.land/x/embassyd_sdk@v0.3.1.0.12/emvar-lite/mod.ts": "511ff8da532eccb80080805f777100fa85b8b3dbf82d341dad891143e9f8390a",
    "https://deno.land/x/embassyd_sdk@v0.3.3.0.8/backups.ts": "da49d0a686b6dc300eb16edbb329a40acc2bd617ebd6bc0f560460ee97657303",
    "https://deno.land/x/embassyd_sdk@v0.3.3.0.8/compat/getConfig.ts": "cba05c5d032a0424c3895705ad31e4292c062d43edd43a82679ab49bade8380d",
    "https://deno.land/x/embassyd_sdk@v0.3.3.0.8/compat/migrations.ts": "63f269a7a1b67b97743bebcfe7b014b586507f91b921745888b18af886ddb6c0",
    "https://deno.land/x/embassyd_sdk@v0.3.3.0.8/compat/mod.ts": "7f8d71c9d3709c45dbca7ff7a1c35ee62622e885e6c45fd86ec2b9fc847fd44d",
    "https://deno.land/x/embassyd_sdk@v0.3.3.0.8/compat/properties.ts": "63beae202f99be991a5d3824bdd9e434570ccd50acbfc7786b15e1e4da520ed7",
    "https://deno.land/x/embassyd_sdk@v0.3.3.0.8/compat/setConfig.ts": "e9347e8473cd6430c357bee50c3ff569d98da21f69a405d2b0eee1b648363d74",
    "https://deno.land/x/embassyd_sdk@v0.3.3.0.8/dependencies.ts": "9d8e30e21124f1ba6f6c5a0c4dfe0f35f1c4d662a25722d02361892fea4fcb1c",
    "https://deno.land/x/embassyd_sdk@v0.3.3.0.8/emver-lite/mod.ts": "29b72fb5f322d660368c230f65f578a6eb04978f6bb83d5e6ea01fb4548f4690",
    "https://deno.land/x/embassyd_sdk@v0.3.3.0.8/healthUtil.ts": "7375232d0e299fe72b16b61808e73b9ec9952e36b50675161312e4cf907dfb97",
    "https://deno.land/x/embassyd_sdk@v0.3.3.0.8/migrations.ts": "c87223e0ed61b2d30d2e7779921af3967a3e4b668b972706f829c5c23bc207fe",
    "https://deno.land/x/embassyd_sdk@v0.3.3.0.8/mod.ts": "ec7db2c6717c40f948ba47e30f4a391ec201c15a3c875fdc900093c1b22f5c84",
    "https://deno.land/x/embassyd_sdk@v0.3.3.0.8/types.ts": "1039b5e285c8bc11b6f12fa4b7d33b90883887788ef0b08caa115c9238062149",
    "https://deno.land/x/embassyd_sdk@v0.3.3.0.8/util.ts": "913dd39840623a29fb6130d7c04145b6896245e0b48aa2a0508423bfa32d3984",
    "https://deno.land/x/embassyd_sdk@v0.3.3.0.8/utils/propertiesMatcher.ts": "880160751fcb0e26b02a964e07ce2d4c4ad12e8082a37566a6de67aef81b4295",
    "https://deno.land/x/emit@0.40.0/_utils.ts": "98412edc7aa29e77d592b54fbad00bdec1b05d0c25eb772a5f8edc9813e08d88",
    "https://deno.land/x/emit@0.40.0/emit.generated.js": "65621c730ae9e4e818a3f83913562101dc9a371befbdb44d81e09a1532af5089",
    "https://deno.land/x/emit@0.40.0/mod.ts": "04b1818a60d6f85ca991bc4369634ea55d51388c4154b0100dfbe3c9684e2318",
    "https://deno.land/x/ts_matches@v5.2.0/mod.ts": "550f86b243acf1d754a33fd3fb53092fe435894b2a3f1de33e68dde0fcba718f",
    "https://deno.land/x/ts_matches@v5.2.0/src/matches.ts": "0c52fd4292e8e0b7c4d8af6bc4d26a00e8f8a48527ee95031caa6c3e4da066a0",
    "https://deno.land/x/ts_matches@v5.2.0/src/parsers/any-parser.ts": "40796de8dc0b02dd49d6ca4cc5e251600b0f9546b3850d8808a8e6b5bf7c3640",
    "https://deno.land/x/ts_matches@v5.2.0/src/parsers/array-of-parser.ts": "2bfdcf6c91594209832c957dbb047cc0034bf89d6f03b1378c47bf083864add8",
    "https://deno.land/x/ts_matches@v5.2.0/src/parsers/array-parser.ts": "ffcc1d7b1d23d4fcfafec58fc7853c9296c9b87d58bda2bd5787d5e2291c283f",
    "https://deno.land/x/ts_matches@v5.2.0/src/parsers/bool-parser.ts": "d1f746933b37eb1e74a355ab0e340349f980e5720437b5921f6068b4efb7f373",
    "https://deno.land/x/ts_matches@v5.2.0/src/parsers/concat-parser.ts": "76ccd6bbe174cdec29be53d802cd96c8038f0bba7c3b853ab794aecd9a778ce1",
    "https://deno.land/x/ts_matches@v5.2.0/src/parsers/default-parser.ts": "6de393d56a0b3c8bd7cbc73433aac006785566e8828a8e7de042e1aceb2cf916",
    "https://deno.land/x/ts_matches@v5.2.0/src/parsers/deferred-parser.ts": "828e94d81e5851f6992462929643582d76a46b73ebf23efb67b9d11b5b4f5bcc",
    "https://deno.land/x/ts_matches@v5.2.0/src/parsers/dictionary-parser.ts": "6e3fbdb7a11803490037e97d4958531e434328fa998286901b81475e7ae5d85a",
    "https://deno.land/x/ts_matches@v5.2.0/src/parsers/every-parser.ts": "d3fac4a78e51ee1c91c432f9d917a608ef1b98d427168de6d6b48cd9db3813cf",
    "https://deno.land/x/ts_matches@v5.2.0/src/parsers/function-parser.ts": "39bfbaf6a24d98590c991ba0b598b230fa2138921ba2e9af46126701c7f2172a",
    "https://deno.land/x/ts_matches@v5.2.0/src/parsers/guard-parser.ts": "1a2f388d7c589beffd92b7f40b291c60d365f13a02c6b2d3de853e241a274801",
    "https://deno.land/x/ts_matches@v5.2.0/src/parsers/index.ts": "5c0f3e12baa1f924832d2be901a9806866a3b211833389f0ce9188b74b178203",
    "https://deno.land/x/ts_matches@v5.2.0/src/parsers/interfaces.ts": "b4bf837dc9299bef7b71c18277ff066e11f51ab4668f6d1f2f617d38bd8bc31e",
    "https://deno.land/x/ts_matches@v5.2.0/src/parsers/literal-parser.ts": "bf60ea540e33764706e225b9da0c6282593f47d6fbd4098c503c4c24b0cc65e2",
    "https://deno.land/x/ts_matches@v5.2.0/src/parsers/mapped-parser.ts": "25c8bd31aa873b918f77be83d1ed5136ba384d958f8b9f8c3cdc5f3fcb7b8e95",
    "https://deno.land/x/ts_matches@v5.2.0/src/parsers/maybe-parser.ts": "c3dc70090182e915398b637dcf4c81c4e0f9c71240dc1d700c9e14e735397263",
    "https://deno.land/x/ts_matches@v5.2.0/src/parsers/named.ts": "1f332915d30831a1e33e9a4a0b2aa3ebaecd69f0af80884c22fecb18adf9c5eb",
    "https://deno.land/x/ts_matches@v5.2.0/src/parsers/nill-parser.ts": "345636edf79d1c63311574fb25945da423f3f05a7d8047416cdf84538ebfa7f4",
    "https://deno.land/x/ts_matches@v5.2.0/src/parsers/number-parser.ts": "37129e2484f669fa14d6e5ad839f5af9fc1dd971c168ec3770f560b6c5dac055",
    "https://deno.land/x/ts_matches@v5.2.0/src/parsers/object-parser.ts": "18d82d4522b12bb7bcf7a2d280c84ecc9f9ede8e846e653bb7238800393934d6",
    "https://deno.land/x/ts_matches@v5.2.0/src/parsers/or-parser.ts": "2df410eae6955ed3dad7aa84f3324d241923519f6047b6f09432a3f04e51f119",
    "https://deno.land/x/ts_matches@v5.2.0/src/parsers/parser.ts": "06dff151bb79672f7b18387c7869f1a2fb952c8c6799bbc508e9b2261aa4f5d9",
    "https://deno.land/x/ts_matches@v5.2.0/src/parsers/recursive-parser.ts": "f7f9ebacdc099e8933aa6f2b8465569182f5a1b3c00332dac1505fa9ff154741",
    "https://deno.land/x/ts_matches@v5.2.0/src/parsers/shape-parser.ts": "f24faa30044872c28d6d93c43e4784e537774b17525f3e1e79cc5e26b9c23da1",
    "https://deno.land/x/ts_matches@v5.2.0/src/parsers/simple-parsers.ts": "fa2f06ab62026b8b8e5eef101d5de16fc977fd5e4715866109cad22af3d23cb8",
    "https://deno.land/x/ts_matches@v5.2.0/src/parsers/some-parser.ts": "cd649a965a4f43e3a4554695e8c53763b14737de8eacfe9632552c4d57b9b510",
    "https://deno.land/x/ts_matches@v5.2.0/src/parsers/string-parser.ts": "afae3312cb9c794c76f3342d641f2a9311f25f55fa801a81c81f7a0789c06522",
    "https://deno.land/x/ts_matches@v5.2.0/src/parsers/tuple-parser.ts": "83620fce5aa2031f438452e9c3e227b704fca27286a23a0d8989f970ef33a84c",
    "https://deno.land/x/ts_matches@v5.2.0/src/parsers/unknown-parser.ts": "3ed0fb66dbc47f1bccb9d8fb199e08c7798aacc2e06622e377d7178a32a62238",
    "https://deno.land/x/ts_matches@v5.2.0/src/parsers/utils.ts": "9852991bab9dda3f1479b3b2204b592f09c995cb9f6432ca1d940e530720906d",
    "https://deno.land/x/ts_matches@v5.2.0/src/utils.ts": "fb60d0afbca25ade70921fbaea9ca885c1da78f320ec8a9e6d494d3a5afd1171"
  },
  "workspace": {
    "packageJson": {
      "dependencies": [
        "npm:@start9labs/start-sdk@1.5.2",
        "npm:@types/node@^22.17.1",
        "npm:@vercel/ncc@~0.38.3",
        "npm:prettier@^3.6.2",
        "npm:typescript@^5.9.2"
      ]
    }
  }
}
